Microsoft Visual Studio Solution File, Format Version 12.00
# Visual Studio Version 17
VisualStudioVersion = 17.5.2.0
MinimumVisualStudioVersion = 10.0.40219.1
Project("{FAE04EC0-301F-11D3-BF4B-00C04F79EFBC}") = "http_server", "http_server.csproj", "{741B819E-5FE7-B67B-7A5C-3DD0DF20DA54}"
EndProject
Global
	GlobalSection(SolutionConfigurationPlatforms) = preSolution
		Debug|Any CPU = Debug|Any CPU
		Release|Any CPU = Release|Any CPU
	EndGlobalSection
	GlobalSection(ProjectConfigurationPlatforms) = postSolution
		{741B819E-5FE7-B67B-7A5C-3DD0DF20DA54}.Debug|Any CPU.ActiveCfg = Debug|Any CPU
		{741B819E-5FE7-B67B-7A5C-3DD0DF20DA54}.Debug|Any CPU.Build.0 = Debug|Any CPU
		{741B819E-5FE7-B67B-7A5C-3DD0DF20DA54}.Release|Any CPU.ActiveCfg = Release|Any CPU
		{741B819E-5FE7-B67B-7A5C-3DD0DF20DA54}.Release|Any CPU.Build.0 = Release|Any CPU
	EndGlobalSection
	GlobalSection(SolutionProperties) = preSolution
		HideSolutionNode = FALSE
	EndGlobalSection
	GlobalSection(ExtensibilityGlobals) = postSolution
		SolutionGuid = {48E567DD-B601-4FF6-A2E2-8D72A74BE663}
	EndGlobalSection
EndGlobal
